
Microsoft Visual Studio Solution File, Format Version 12.00
# Visual Studio 15
VisualStudioVersion = 15.0.26228.9
MinimumVisualStudioVersion = 10.0.40219.1
Project("{FAE04EC0-301F-11D3-BF4B-00C04F79EFBC}") = "CloudCoinCoreStandard", "CloudCoinCoreStandard\CloudCoinCoreStandard.csproj", "{F8CA76B1-E464-4FF8-ACD3-0E28C10B0CE1}"
EndProject
Project("{FAE04EC0-301F-11D3-BF4B-00C04F79EFBC}") = "CloudCoinClient", "CloudCoinClient\CloudCoinClient.csproj", "{3E97CF8E-98BC-49BB-AC18-54A6794D52FB}"
EndProject
Project("{FAE04EC0-301F-11D3-BF4B-00C04F79EFBC}") = "CloudCoinAndroid", "CloudCoinAndroid\CloudCoinAndroid.csproj", "{1356E221-C9EF-476F-BF2B-C564019D7C7F}"
EndProject
Project("{FAE04EC0-301F-11D3-BF4B-00C04F79EFBC}") = "CloudCoinConsole", "CloudCoinConsole\CloudCoinConsole.csproj", "{D96E9B7A-1647-4AB8-B89A-7138C7BBEB75}"
EndProject
Global
	GlobalSection(SolutionConfigurationPlatforms) = preSolution
		Debug|Any CPU = Debug|Any CPU
		Release|Any CPU = Release|Any CPU
	EndGlobalSection
	GlobalSection(ProjectConfigurationPlatforms) = postSolution
		{F8CA76B1-E464-4FF8-ACD3-0E28C10B0CE1}.Debug|Any CPU.ActiveCfg = Debug|Any CPU
		{F8CA76B1-E464-4FF8-ACD3-0E28C10B0CE1}.Debug|Any CPU.Build.0 = Debug|Any CPU
		{F8CA76B1-E464-4FF8-ACD3-0E28C10B0CE1}.Release|Any CPU.ActiveCfg = Release|Any CPU
		{F8CA76B1-E464-4FF8-ACD3-0E28C10B0CE1}.Release|Any CPU.Build.0 = Release|Any CPU
		{3E97CF8E-98BC-49BB-AC18-54A6794D52FB}.Debug|Any CPU.ActiveCfg = Debug|Any CPU
		{3E97CF8E-98BC-49BB-AC18-54A6794D52FB}.Debug|Any CPU.Build.0 = Debug|Any CPU
		{3E97CF8E-98BC-49BB-AC18-54A6794D52FB}.Release|Any CPU.ActiveCfg = Release|Any CPU
		{3E97CF8E-98BC-49BB-AC18-54A6794D52FB}.Release|Any CPU.Build.0 = Release|Any CPU
		{1356E221-C9EF-476F-BF2B-C564019D7C7F}.Debug|Any CPU.ActiveCfg = Debug|Any CPU
		{1356E221-C9EF-476F-BF2B-C564019D7C7F}.Debug|Any CPU.Build.0 = Debug|Any CPU
		{1356E221-C9EF-476F-BF2B-C564019D7C7F}.Debug|Any CPU.Deploy.0 = Debug|Any CPU
		{1356E221-C9EF-476F-BF2B-C564019D7C7F}.Release|Any CPU.ActiveCfg = Release|Any CPU
		{1356E221-C9EF-476F-BF2B-C564019D7C7F}.Release|Any CPU.Build.0 = Release|Any CPU
		{1356E221-C9EF-476F-BF2B-C564019D7C7F}.Release|Any CPU.Deploy.0 = Release|Any CPU
		{D96E9B7A-1647-4AB8-B89A-7138C7BBEB75}.Debug|Any CPU.ActiveCfg = Debug|Any CPU
		{D96E9B7A-1647-4AB8-B89A-7138C7BBEB75}.Debug|Any CPU.Build.0 = Debug|Any CPU
		{D96E9B7A-1647-4AB8-B89A-7138C7BBEB75}.Release|Any CPU.ActiveCfg = Release|Any CPU
		{D96E9B7A-1647-4AB8-B89A-7138C7BBEB75}.Release|Any CPU.Build.0 = Release|Any CPU
	EndGlobalSection
	GlobalSection(SolutionProperties) = preSolution
		HideSolutionNode = FALSE
	EndGlobalSection
EndGlobal
